# THIS IS AN AUTOGENERATED FILE. DO NOT EDIT THIS FILE DIRECTLY.
# yarn lockfile v1


"@cronvel/get-pixels@^3.3.1":
  version "3.3.1"
  resolved "https://registry.yarnpkg.com/@cronvel/get-pixels/-/get-pixels-3.3.1.tgz#cd8bfd7d9985fb282aa8ad765137454ecfacafbe"
  integrity sha512-jgDb8vGPkpjRDbiYyHTI2Bna4HJysjPNSiERzBnRJjCR/YqC3u0idTae0tmNECsaZLOpAWmlK9wiIwnLGIT9Bg==
  dependencies:
    jpeg-js "^0.1.1"
    ndarray "^1.0.13"
    ndarray-pack "^1.1.1"
    node-bitmap "0.0.1"
    omggif "^1.0.5"
    pngjs "^2.0.0"

asn1@~0.2.0:
  version "0.2.4"
  resolved "https://registry.yarnpkg.com/asn1/-/asn1-0.2.4.tgz#8d2475dfab553bb33e77b54e59e880bb8ce23136"
  integrity sha512-jxwzQpLQjSmWXgwaCZE9Nz+glAG01yF1QnWgbhGwHI5A6FRIEY6IVqtHhIepHqI7/kyEyQEagBC5mBEFlIYvdg==
  dependencies:
    safer-buffer "~2.1.0"

bcrypt-pbkdf@^1.0.2:
  version "1.0.2"
  resolved "https://registry.yarnpkg.com/bcrypt-pbkdf/-/bcrypt-pbkdf-1.0.2.tgz#a4301d389b6a43f9b67ff3ca11a3f6637e360e9e"
  integrity sha1-pDAdOJtqQ/m2f/PKEaP2Y342Dp4=
  dependencies:
    tweetnacl "^0.14.3"

cwise-compiler@^1.1.2:
  version "1.1.3"
  resolved "https://registry.yarnpkg.com/cwise-compiler/-/cwise-compiler-1.1.3.tgz#f4d667410e850d3a313a7d2db7b1e505bb034cc5"
  integrity sha1-9NZnQQ6FDToxOn0tt7HlBbsDTMU=
  dependencies:
    uniq "^1.0.0"

iota-array@^1.0.0:
  version "1.0.0"
  resolved "https://registry.yarnpkg.com/iota-array/-/iota-array-1.0.0.tgz#81ef57fe5d05814cd58c2483632a99c30a0e8087"
  integrity sha1-ge9X/l0FgUzVjCSDYyqZwwoOgIc=

is-buffer@^1.0.2:
  version "1.1.6"
  resolved "https://registry.yarnpkg.com/is-buffer/-/is-buffer-1.1.6.tgz#efaa2ea9daa0d7ab2ea13a97b2b8ad51fefbe8be"
  integrity sha512-NcdALwpXkTm5Zvvbk7owOUSvVvBKDgKP5/ewfXEznmQFfs4ZRmanOeKBTjRVjka3QFoN6XJ+9F3USqfHqTaU5w==

jpeg-js@^0.1.1:
  version "0.1.2"
  resolved "https://registry.yarnpkg.com/jpeg-js/-/jpeg-js-0.1.2.tgz#135b992c0575c985cfa0f494a3227ed238583ece"
  integrity sha1-E1uZLAV1yYXPoPSUoyJ+0jhYPs4=

lazyness@^1.1.1:
  version "1.1.1"
  resolved "https://registry.yarnpkg.com/lazyness/-/lazyness-1.1.1.tgz#d5a7b63a217254bcd559f9b17753c92b70a84d81"
  integrity sha512-rYHC6l6LeRlJSt5jxpqN8z/49gZ0CqLi89HAGzJjHahCFlqEjFGFN9O15hmzSzUGFl7zN/vOWduv/+0af3r/kQ==

ndarray-pack@^1.1.1:
  version "1.2.1"
  resolved "https://registry.yarnpkg.com/ndarray-pack/-/ndarray-pack-1.2.1.tgz#8caebeaaa24d5ecf70ff86020637977da8ee585a"
  integrity sha1-jK6+qqJNXs9w/4YCBjeXfajuWFo=
  dependencies:
    cwise-compiler "^1.1.2"
    ndarray "^1.0.13"

ndarray@^1.0.13, ndarray@^1.0.18:
  version "1.0.18"
  resolved "https://registry.yarnpkg.com/ndarray/-/ndarray-1.0.18.tgz#b60d3a73224ec555d0faa79711e502448fd3f793"
  integrity sha1-tg06cyJOxVXQ+qeXEeUCRI/T95M=
  dependencies:
    iota-array "^1.0.0"
    is-buffer "^1.0.2"

nextgen-events@^1.1.0:
  version "1.1.1"
  resolved "https://registry.yarnpkg.com/nextgen-events/-/nextgen-events-1.1.1.tgz#3595ad9405deaf0d982fd8d584747186370ec91f"
  integrity sha512-vnKAjcvttm+ILOpLuNEFUuqYAfMYfvThpTGLLZT8w+mSCMmnRsKt/qWNuNkb3/RgNyon3EqPT6bDy4xSJkbKsA==

node-bitmap@0.0.1:
  version "0.0.1"
  resolved "https://registry.yarnpkg.com/node-bitmap/-/node-bitmap-0.0.1.tgz#180eac7003e0c707618ef31368f62f84b2a69091"
  integrity sha1-GA6scAPgxwdhjvMTaPYvhLKmkJE=

omggif@^1.0.5:
  version "1.0.9"
  resolved "https://registry.yarnpkg.com/omggif/-/omggif-1.0.9.tgz#dcb7024dacd50c52b4d303f04802c91c057c765f"
  integrity sha1-3LcCTazVDFK00wPwSALJHAV8dl8=

pngjs@^2.0.0:
  version "2.3.1"
  resolved "https://registry.yarnpkg.com/pngjs/-/pngjs-2.3.1.tgz#11d1e12b9cb64d63e30c143a330f4c1f567da85f"
  integrity sha1-EdHhK5y2TWPjDBQ6Mw9MH1Z9qF8=

safer-buffer@~2.1.0:
  version "2.1.2"
  resolved "https://registry.yarnpkg.com/safer-buffer/-/safer-buffer-2.1.2.tgz#44fa161b0187b9549dd84bb91802f9bd8385cd6a"
  integrity sha512-YZo3K82SD7Riyi0E1EQPojLz7kpepnSQI9IyPbHHg1XXXevb5dJI7tpyN2ADxGcQbHG7vcyRHk0cbwqcQriUtg==

setimmediate@^1.0.5:
  version "1.0.5"
  resolved "https://registry.yarnpkg.com/setimmediate/-/setimmediate-1.0.5.tgz#290cbb232e306942d7d7ea9b83732ab7856f8285"
  integrity sha1-KQy7Iy4waULX1+qbg3Mqt4VvgoU=

seventh@^0.7.18:
  version "0.7.20"
  resolved "https://registry.yarnpkg.com/seventh/-/seventh-0.7.20.tgz#fa5c138f7aa14fb8916a7a744dc81c62f373ca73"
  integrity sha512-Wj2sz+6a4PeHrc1PRPbO3YZKk4ILPebu3CWw7v2zHSCxVsm2s402di8597SmZQ4DebhBIEXm7uPGN+Zz86rNXA==
  dependencies:
    setimmediate "^1.0.5"

splitargs@^0.0.7:
  version "0.0.7"
  resolved "https://registry.yarnpkg.com/splitargs/-/splitargs-0.0.7.tgz#fe9f7ae657371b33b10cb80da143cf8249cf6b3b"
  integrity sha1-/p965lc3GzOxDLgNoUPPgknPazs=

ssh2-streams@~0.4.2:
  version "0.4.2"
  resolved "https://registry.yarnpkg.com/ssh2-streams/-/ssh2-streams-0.4.2.tgz#bac0d18727396d16049f5f0c8517a46516b45719"
  integrity sha512-2rSj3oTIJnbAIzR3+XwIYef9wCOVrPQZNLL+fFPPjnPxf09tKkAbgrlYgh/1qynBTz65AUOS+s1zuko4M/GKCw==
  dependencies:
    asn1 "~0.2.0"
    bcrypt-pbkdf "^1.0.2"
    streamsearch "~0.1.2"

ssh2@^0.8.2:
  version "0.8.2"
  resolved "https://registry.yarnpkg.com/ssh2/-/ssh2-0.8.2.tgz#f7a172458d3a7a13d520438264f90de8a3ee72af"
  integrity sha512-oaXu7faddvPFGavnLBkk0RFwLXvIzCPq6KqAC3ExlnFPAVIE1uo7pWHe9xmhNHXm+nIe7yg9qsssOm+ip2jijw==
  dependencies:
    ssh2-streams "~0.4.2"

streamsearch@~0.1.2:
  version "0.1.2"
  resolved "https://registry.yarnpkg.com/streamsearch/-/streamsearch-0.1.2.tgz#808b9d0e56fc273d809ba57338e929919a1a9f1a"
  integrity sha1-gIudDlb8Jz2Am6VzOOkpkZoanxo=

string-kit@^0.9.2:
  version "0.9.2"
  resolved "https://registry.yarnpkg.com/string-kit/-/string-kit-0.9.2.tgz#ec7a2be257319d1a21a84121c88d1465698146e0"
  integrity sha512-0h+D/KDIIqT26Jf+31PaWbrD60UH9ihuOB1pZ2LQtqSENcBk5pxlM1uy4XPQYf5AhvTo+SrYfb2itIDy9AE6Bw==

terminal-kit@^1.27.3:
  version "1.27.3"
  resolved "https://registry.yarnpkg.com/terminal-kit/-/terminal-kit-1.27.3.tgz#36ea288d8350deee93486d9855db80986fb3d44b"
  integrity sha512-7K3IhTa4uGIBH5zXrUiaDUTcRoBpc6CeITgIbGdBKW+E+WL9aEe+4xsUtdplkY34/il77MnlDAumfcE8dhONxw==
  dependencies:
    "@cronvel/get-pixels" "^3.3.1"
    lazyness "^1.1.1"
    ndarray "^1.0.18"
    nextgen-events "^1.1.0"
    seventh "^0.7.18"
    string-kit "^0.9.2"
    tree-kit "^0.6.1"

tree-kit@^0.6.1:
  version "0.6.1"
  resolved "https://registry.yarnpkg.com/tree-kit/-/tree-kit-0.6.1.tgz#178e1f84944d7c6e4b15eb52fedace1b76a885dd"
  integrity sha512-7mV4KbsLMuA6ths3J1wpVUj2PLmLdoNEGnP9fm3kxef4UXYC/A0rL5gKsqtkUaCMuRYUMORyioy8IpBWUBQ1Ig==

tweetnacl@^0.14.3:
  version "0.14.5"
  resolved "https://registry.yarnpkg.com/tweetnacl/-/tweetnacl-0.14.5.tgz#5ae68177f192d4456269d108afa93ff8743f4f64"
  integrity sha1-WuaBd/GS1EViadEIr6k/+HQ/T2Q=

uniq@^1.0.0:
  version "1.0.1"
  resolved "https://registry.yarnpkg.com/uniq/-/uniq-1.0.1.tgz#b31c5ae8254844a3a8281541ce2b04b865a734ff"
  integrity sha1-sxxa6CVIRKOoKBVBzisEuGWnNP8=
